
Microsoft Visual Studio Solution File, Format Version 12.00
# Visual Studio 15
VisualStudioVersion = 15.0.28307.271
MinimumVisualStudioVersion = 10.0.40219.1
Project("{9A19103F-16F7-4668-BE54-9A1E7A4F7556}") = "WingsOn.Api", "WingsOn.Api\WingsOn.Api.csproj", "{155B3DD6-A88A-4758-8591-E74A02FDA677}"
EndProject
Project("{9A19103F-16F7-4668-BE54-9A1E7A4F7556}") = "WingsOn.Bll", "WingsOn.Bll\WingsOn.Bll.csproj", "{A4BABE87-BE31-4BB5-93FC-3B3DBADFB2BE}"
EndProject
Project("{FAE04EC0-301F-11D3-BF4B-00C04F79EFBC}") = "WingsOn.Dal", "WingsOn.Dal\WingsOn.Dal.csproj", "{9F00806E-C7CD-4031-90E1-8CF8AB33E19C}"
EndProject
Project("{FAE04EC0-301F-11D3-BF4B-00C04F79EFBC}") = "WingsOn.Domain", "WingsOn.Domain\WingsOn.Domain.csproj", "{DF9E9E05-71B9-42CE-BF35-3691D9B84B50}"
EndProject
Project("{FAE04EC0-301F-11D3-BF4B-00C04F79EFBC}") = "WingsOn.Api.Tests", "WingsOn.Api.Tests\WingsOn.Api.Tests.csproj", "{406D91B0-F187-4A4C-AFF6-76CD721F9AE8}"
EndProject
Global
	GlobalSection(SolutionConfigurationPlatforms) = preSolution
		Debug|Any CPU = Debug|Any CPU
		Release|Any CPU = Release|Any CPU
	EndGlobalSection
	GlobalSection(ProjectConfigurationPlatforms) = postSolution
		{155B3DD6-A88A-4758-8591-E74A02FDA677}.Debug|Any CPU.ActiveCfg = Debug|Any CPU
		{155B3DD6-A88A-4758-8591-E74A02FDA677}.Debug|Any CPU.Build.0 = Debug|Any CPU
		{155B3DD6-A88A-4758-8591-E74A02FDA677}.Release|Any CPU.ActiveCfg = Release|Any CPU
		{155B3DD6-A88A-4758-8591-E74A02FDA677}.Release|Any CPU.Build.0 = Release|Any CPU
		{A4BABE87-BE31-4BB5-93FC-3B3DBADFB2BE}.Debug|Any CPU.ActiveCfg = Debug|Any CPU
		{A4BABE87-BE31-4BB5-93FC-3B3DBADFB2BE}.Debug|Any CPU.Build.0 = Debug|Any CPU
		{A4BABE87-BE31-4BB5-93FC-3B3DBADFB2BE}.Release|Any CPU.ActiveCfg = Release|Any CPU
		{A4BABE87-BE31-4BB5-93FC-3B3DBADFB2BE}.Release|Any CPU.Build.0 = Release|Any CPU
		{9F00806E-C7CD-4031-90E1-8CF8AB33E19C}.Debug|Any CPU.ActiveCfg = Debug|Any CPU
		{9F00806E-C7CD-4031-90E1-8CF8AB33E19C}.Debug|Any CPU.Build.0 = Debug|Any CPU
		{9F00806E-C7CD-4031-90E1-8CF8AB33E19C}.Release|Any CPU.ActiveCfg = Release|Any CPU
		{9F00806E-C7CD-4031-90E1-8CF8AB33E19C}.Release|Any CPU.Build.0 = Release|Any CPU
		{DF9E9E05-71B9-42CE-BF35-3691D9B84B50}.Debug|Any CPU.ActiveCfg = Debug|Any CPU
		{DF9E9E05-71B9-42CE-BF35-3691D9B84B50}.Debug|Any CPU.Build.0 = Debug|Any CPU
		{DF9E9E05-71B9-42CE-BF35-3691D9B84B50}.Release|Any CPU.ActiveCfg = Release|Any CPU
		{DF9E9E05-71B9-42CE-BF35-3691D9B84B50}.Release|Any CPU.Build.0 = Release|Any CPU
		{406D91B0-F187-4A4C-AFF6-76CD721F9AE8}.Debug|Any CPU.ActiveCfg = Debug|Any CPU
		{406D91B0-F187-4A4C-AFF6-76CD721F9AE8}.Debug|Any CPU.Build.0 = Debug|Any CPU
		{406D91B0-F187-4A4C-AFF6-76CD721F9AE8}.Release|Any CPU.ActiveCfg = Release|Any CPU
		{406D91B0-F187-4A4C-AFF6-76CD721F9AE8}.Release|Any CPU.Build.0 = Release|Any CPU
	EndGlobalSection
	GlobalSection(SolutionProperties) = preSolution
		HideSolutionNode = FALSE
	EndGlobalSection
	GlobalSection(ExtensibilityGlobals) = postSolution
		SolutionGuid = {BFE16C82-847F-4DA3-BE4E-D5A0109EC8D2}
	EndGlobalSection
EndGlobal
